// !$*UTF8*$!
{
	archiveVersion = 1;
	classes = {
	};
	objectVersion = 56;
	objects = {

/* Begin PBXBuildFile section */
		858E9B9C297F0D260072EFC7 /* stuckl.swift in Sources */ = {isa = PBXBuildFile; fileRef = 858E9B9B297F0D260072EFC7 /* stuckl.swift */; };
		85DBD3D429787BE70044F3A7 /* DomaneApp.swift in Sources */ = {isa = PBXBuildFile; fileRef = 85DBD3D329787BE70044F3A7 /* DomaneApp.swift */; };
		85DBD3D629787BE70044F3A7 /* ContentView.swift in Sources */ = {isa = PBXBuildFile; fileRef = 85DBD3D529787BE70044F3A7 /* ContentView.swift */; };
		85DBD3D829787BE80044F3A7 /* Assets.xcassets in Resources */ = {isa = PBXBuildFile; fileRef = 85DBD3D729787BE80044F3A7 /* Assets.xcassets */; };
		85DBD3DB29787BE80044F3A7 /* Preview Assets.xcassets in Resources */ = {isa = PBXBuildFile; fileRef = 85DBD3DA29787BE80044F3A7 /* Preview Assets.xcassets */; };
		85DBD3E529787BE80044F3A7 /* DomaneTests.swift in Sources */ = {isa = PBXBuildFile; fileRef = 85DBD3E429787BE80044F3A7 /* DomaneTests.swift */; };
		85DBD3EF29787BE80044F3A7 /* DomaneUITests.swift in Sources */ = {isa = PBXBuildFile; fileRef = 85DBD3EE29787BE80044F3A7 /* DomaneUITests.swift */; };
		85DBD3F129787BE80044F3A7 /* DomaneUITestsLaunchTests.swift in Sources */ = {isa = PBXBuildFile; fileRef = 85DBD3F029787BE80044F3A7 /* DomaneUITestsLaunchTests.swift */; };
		85DBD3FE29787C1F0044F3A7 /* MoreNames.swift in Sources */ = {isa = PBXBuildFile; fileRef = 85DBD3FD29787C1F0044F3A7 /* MoreNames.swift */; };
		85DBD4002979C5FD0044F3A7 /* DomaneModel.swift in Sources */ = {isa = PBXBuildFile; fileRef = 85DBD3FF2979C5FD0044F3A7 /* DomaneModel.swift */; };
		85DBD4022979CEA50044F3A7 /* Domane.swift in Sources */ = {isa = PBXBuildFile; fileRef = 85DBD4012979CEA50044F3A7 /* Domane.swift */; };
/* End PBXBuildFile section */

/* Begin PBXContainerItemProxy section */
		85DBD3E129787BE80044F3A7 /* PBXContainerItemProxy */ = {
			isa = PBXContainerItemProxy;
			containerPortal = 85DBD3C829787BE70044F3A7 /* Project object */;
			proxyType = 1;
			remoteGlobalIDString = 85DBD3CF29787BE70044F3A7;
			remoteInfo = Domane;
		};
		85DBD3EB29787BE80044F3A7 /* PBXContainerItemProxy */ = {
			isa = PBXContainerItemProxy;
			containerPortal = 85DBD3C829787BE70044F3A7 /* Project object */;
			proxyType = 1;
			remoteGlobalIDString = 85DBD3CF29787BE70044F3A7;
			remoteInfo = Domane;
		};
/* End PBXContainerItemProxy section */

/* Begin PBXFileReference section */
		858E9B9B297F0D260072EFC7 /* stuckl.swift */ = {isa = PBXFileReference; lastKnownFileType = sourcecode.swift; path = stuckl.swift; sourceTree = "<group>"; };
		85DBD3D029787BE70044F3A7 /* Domane.app */ = {isa = PBXFileReference; explicitFileType = wrapper.application; includeInIndex = 0; path = Domane.app; sourceTree = BUILT_PRODUCTS_DIR; };
		85DBD3D329787BE70044F3A7 /* DomaneApp.swift */ = {isa = PBXFileReference; lastKnownFileType = sourcecode.swift; path = DomaneApp.swift; sourceTree = "<group>"; };
		85DBD3D529787BE70044F3A7 /* ContentView.swift */ = {isa = PBXFileReference; lastKnownFileType = sourcecode.swift; path = ContentView.swift; sourceTree = "<group>"; };
		85DBD3D729787BE80044F3A7 /* Assets.xcassets */ = {isa = PBXFileReference; lastKnownFileType = folder.assetcatalog; path = Assets.xcassets; sourceTree = "<group>"; };
		85DBD3DA29787BE80044F3A7 /* Preview Assets.xcassets */ = {isa = PBXFileReference; lastKnownFileType = folder.assetcatalog; path = "Preview Assets.xcassets"; sourceTree = "<group>"; };
		85DBD3E029787BE80044F3A7 /* DomaneTests.xctest */ = {isa = PBXFileReference; explicitFileType = wrapper.cfbundle; includeInIndex = 0; path = DomaneTests.xctest; sourceTree = BUILT_PRODUCTS_DIR; };
		85DBD3E429787BE80044F3A7 /* DomaneTests.swift */ = {isa = PBXFileReference; lastKnownFileType = sourcecode.swift; path = DomaneTests.swift; sourceTree = "<group>"; };
		85DBD3EA29787BE80044F3A7 /* DomaneUITests.xctest */ = {isa = PBXFileReference; explicitFileType = wrapper.cfbundle; includeInIndex = 0; path = DomaneUITests.xctest; sourceTree = BUILT_PRODUCTS_DIR; };
		85DBD3EE29787BE80044F3A7 /* DomaneUITests.swift */ = {isa = PBXFileReference; lastKnownFileType = sourcecode.swift; path = DomaneUITests.swift; sourceTree = "<group>"; };
		85DBD3F029787BE80044F3A7 /* DomaneUITestsLaunchTests.swift */ = {isa = PBXFileReference; lastKnownFileType = sourcecode.swift; path = DomaneUITestsLaunchTests.swift; sourceTree = "<group>"; };
		85DBD3FD29787C1F0044F3A7 /* MoreNames.swift */ = {isa = PBXFileReference; lastKnownFileType = sourcecode.swift; path = MoreNames.swift; sourceTree = "<group>"; };
		85DBD3FF2979C5FD0044F3A7 /* DomaneModel.swift */ = {isa = PBXFileReference; lastKnownFileType = sourcecode.swift; path = DomaneModel.swift; sourceTree = "<group>"; };
		85DBD4012979CEA50044F3A7 /* Domane.swift */ = {isa = PBXFileReference; lastKnownFileType = sourcecode.swift; path = Domane.swift; sourceTree = "<group>"; };
/* End PBXFileReference section */

/* Begin PBXFrameworksBuildPhase section */
		85DBD3CD29787BE70044F3A7 /* Frameworks */ = {
			isa = PBXFrameworksBuildPhase;
			buildActionMask = 2147483647;
			files = (
			);
			runOnlyForDeploymentPostprocessing = 0;
		};
		85DBD3DD29787BE80044F3A7 /* Frameworks */ = {
			isa = PBXFrameworksBuildPhase;
			buildActionMask = 2147483647;
			files = (
			);
			runOnlyForDeploymentPostprocessing = 0;
		};
		85DBD3E729787BE80044F3A7 /* Frameworks */ = {
			isa = PBXFrameworksBuildPhase;
			buildActionMask = 2147483647;
			files = (
			);
			runOnlyForDeploymentPostprocessing = 0;
		};
/* End PBXFrameworksBuildPhase section */

/* Begin PBXGroup section */
		85DBD3C729787BE70044F3A7 = {
			isa = PBXGroup;
			children = (
				85DBD3D229787BE70044F3A7 /* Domane */,
				85DBD3E329787BE80044F3A7 /* DomaneTests */,
				85DBD3ED29787BE80044F3A7 /* DomaneUITests */,
				85DBD3D129787BE70044F3A7 /* Products */,
			);
			sourceTree = "<group>";
		};
		85DBD3D129787BE70044F3A7 /* Products */ = {
			isa = PBXGroup;
			children = (
				85DBD3D029787BE70044F3A7 /* Domane.app */,
				85DBD3E029787BE80044F3A7 /* DomaneTests.xctest */,
				85DBD3EA29787BE80044F3A7 /* DomaneUITests.xctest */,
			);
			name = Products;
			sourceTree = "<group>";
		};
		85DBD3D229787BE70044F3A7 /* Domane */ = {
			isa = PBXGroup;
			children = (
				85DBD3D329787BE70044F3A7 /* DomaneApp.swift */,
				85DBD4042979CEC10044F3A7 /* Views */,
				85DBD4032979CEAE0044F3A7 /* Model */,
				85DBD3D729787BE80044F3A7 /* Assets.xcassets */,
				85DBD3D929787BE80044F3A7 /* Preview Content */,
			);
			path = Domane;
			sourceTree = "<group>";
		};
		85DBD3D929787BE80044F3A7 /* Preview Content */ = {
			isa = PBXGroup;
			children = (
				85DBD3DA29787BE80044F3A7 /* Preview Assets.xcassets */,
			);
			path = "Preview Content";
			sourceTree = "<group>";
		};
		85DBD3E329787BE80044F3A7 /* DomaneTests */ = {
			isa = PBXGroup;
			children = (
				85DBD3E429787BE80044F3A7 /* DomaneTests.swift */,
			);
			path = DomaneTests;
			sourceTree = "<group>";
		};
		85DBD3ED29787BE80044F3A7 /* DomaneUITests */ = {
			isa = PBXGroup;
			children = (
				85DBD3EE29787BE80044F3A7 /* DomaneUITests.swift */,
				85DBD3F029787BE80044F3A7 /* DomaneUITestsLaunchTests.swift */,
			);
			path = DomaneUITests;
			sourceTree = "<group>";
		};
		85DBD4032979CEAE0044F3A7 /* Model */ = {
			isa = PBXGroup;
			children = (
				85DBD3FF2979C5FD0044F3A7 /* DomaneModel.swift */,
				85DBD4012979CEA50044F3A7 /* Domane.swift */,
			);
			path = Model;
			sourceTree = "<group>";
		};
		85DBD4042979CEC10044F3A7 /* Views */ = {
			isa = PBXGroup;
			children = (
				85DBD3D529787BE70044F3A7 /* ContentView.swift */,
				858E9B9B297F0D260072EFC7 /* stuckl.swift */,
				85DBD3FD29787C1F0044F3A7 /* MoreNames.swift */,
			);
			path = Views;
			sourceTree = "<group>";
		};
/* End PBXGroup section */

/* Begin PBXNativeTarget section */
		85DBD3CF29787BE70044F3A7 /* Domane */ = {
			isa = PBXNativeTarget;
			buildConfigurationList = 85DBD3F429787BE80044F3A7 /* Build configuration list for PBXNativeTarget "Domane" */;
			buildPhases = (
				85DBD3CC29787BE70044F3A7 /* Sources */,
				85DBD3CD29787BE70044F3A7 /* Frameworks */,
				85DBD3CE29787BE70044F3A7 /* Resources */,
			);
			buildRules = (
			);
			dependencies = (
			);
			name = Domane;
			productName = Domane;
			productReference = 85DBD3D029787BE70044F3A7 /* Domane.app */;
			productType = "com.apple.product-type.application";
		};
		85DBD3DF29787BE80044F3A7 /* DomaneTests */ = {
			isa = PBXNativeTarget;
			buildConfigurationList = 85DBD3F729787BE80044F3A7 /* Build configuration list for PBXNativeTarget "DomaneTests" */;
			buildPhases = (
				85DBD3DC29787BE80044F3A7 /* Sources */,
				85DBD3DD29787BE80044F3A7 /* Frameworks */,
				85DBD3DE29787BE80044F3A7 /* Resources */,
			);
			buildRules = (
			);
			dependencies = (
				85DBD3E229787BE80044F3A7 /* PBXTargetDependency */,
			);
			name = DomaneTests;
			productName = DomaneTests;
			productReference = 85DBD3E029787BE80044F3A7 /* DomaneTests.xctest */;
			productType = "com.apple.product-type.bundle.unit-test";
		};
		85DBD3E929787BE80044F3A7 /* DomaneUITests */ = {
			isa = PBXNativeTarget;
			buildConfigurationList = 85DBD3FA29787BE80044F3A7 /* Build configuration list for PBXNativeTarget "DomaneUITests" */;
			buildPhases = (
				85DBD3E629787BE80044F3A7 /* Sources */,
				85DBD3E729787BE80044F3A7 /* Frameworks */,
				85DBD3E829787BE80044F3A7 /* Resources */,
			);
			buildRules = (
			);
			dependencies = (
				85DBD3EC29787BE80044F3A7 /* PBXTargetDependency */,
			);
			name = DomaneUITests;
			productName = DomaneUITests;
			productReference = 85DBD3EA29787BE80044F3A7 /* DomaneUITests.xctest */;
			productType = "com.apple.product-type.bundle.ui-testing";
		};
/* End PBXNativeTarget section */

/* Begin PBXProject section */
		85DBD3C829787BE70044F3A7 /* Project object */ = {
			isa = PBXProject;
			attributes = {
				BuildIndependentTargetsInParallel = 1;
				LastSwiftUpdateCheck = 1420;
				LastUpgradeCheck = 1420;
				TargetAttributes = {
					85DBD3CF29787BE70044F3A7 = {
						CreatedOnToolsVersion = 14.2;
					};
					85DBD3DF29787BE80044F3A7 = {
						CreatedOnToolsVersion = 14.2;
						TestTargetID = 85DBD3CF29787BE70044F3A7;
					};
					85DBD3E929787BE80044F3A7 = {
						CreatedOnToolsVersion = 14.2;
						TestTargetID = 85DBD3CF29787BE70044F3A7;
					};
				};
			};
			buildConfigurationList = 85DBD3CB29787BE70044F3A7 /* Build configuration list for PBXProject "Domane" */;
			compatibilityVersion = "Xcode 14.0";
			developmentRegion = en;
			hasScannedForEncodings = 0;
			knownRegions = (
				en,
				Base,
			);
			mainGroup = 85DBD3C729787BE70044F3A7;
			productRefGroup = 85DBD3D129787BE70044F3A7 /* Products */;
			projectDirPath = "";
			projectRoot = "";
			targets = (
				85DBD3CF29787BE70044F3A7 /* Domane */,
				85DBD3DF29787BE80044F3A7 /* DomaneTests */,
				85DBD3E929787BE80044F3A7 /* DomaneUITests */,
			);
		};
/* End PBXProject section */

/* Begin PBXResourcesBuildPhase section */
		85DBD3CE29787BE70044F3A7 /* Resources */ = {
			isa = PBXResourcesBuildPhase;
			buildActionMask = 2147483647;
			files = (
				85DBD3DB29787BE80044F3A7 /* Preview Assets.xcassets in Resources */,
				85DBD3D829787BE80044F3A7 /* Assets.xcassets in Resources */,
			);
			runOnlyForDeploymentPostprocessing = 0;
		};
		85DBD3DE29787BE80044F3A7 /* Resources */ = {
			isa = PBXResourcesBuildPhase;
			buildActionMask = 2147483647;
			files = (
			);
			runOnlyForDeploymentPostprocessing = 0;
		};
		85DBD3E829787BE80044F3A7 /* Resources */ = {
			isa = PBXResourcesBuildPhase;
			buildActionMask = 2147483647;
			files = (
			);
			runOnlyForDeploymentPostprocessing = 0;
		};
/* End PBXResourcesBuildPhase section */

/* Begin PBXSourcesBuildPhase section */
		85DBD3CC29787BE70044F3A7 /* Sources */ = {
			isa = PBXSourcesBuildPhase;
			buildActionMask = 2147483647;
			files = (
				85DBD3FE29787C1F0044F3A7 /* MoreNames.swift in Sources */,
				85DBD3D629787BE70044F3A7 /* ContentView.swift in Sources */,
				85DBD3D429787BE70044F3A7 /* DomaneApp.swift in Sources */,
				85DBD4002979C5FD0044F3A7 /* DomaneModel.swift in Sources */,
				858E9B9C297F0D260072EFC7 /* stuckl.swift in Sources */,
				85DBD4022979CEA50044F3A7 /* Domane.swift in Sources */,
			);
			runOnlyForDeploymentPostprocessing = 0;
		};
		85DBD3DC29787BE80044F3A7 /* Sources */ = {
			isa = PBXSourcesBuildPhase;
			buildActionMask = 2147483647;
			files = (
				85DBD3E529787BE80044F3A7 /* DomaneTests.swift in Sources */,
			);
			runOnlyForDeploymentPostprocessing = 0;
		};
		85DBD3E629787BE80044F3A7 /* Sources */ = {
			isa = PBXSourcesBuildPhase;
			buildActionMask = 2147483647;
			files = (
				85DBD3F129787BE80044F3A7 /* DomaneUITestsLaunchTests.swift in Sources */,
				85DBD3EF29787BE80044F3A7 /* DomaneUITests.swift in Sources */,
			);
			runOnlyForDeploymentPostprocessing = 0;
		};
/* End PBXSourcesBuildPhase section */

/* Begin PBXTargetDependency section */
		85DBD3E229787BE80044F3A7 /* PBXTargetDependency */ = {
			isa = PBXTargetDependency;
			target = 85DBD3CF29787BE70044F3A7 /* Domane */;
			targetProxy = 85DBD3E129787BE80044F3A7 /* PBXContainerItemProxy */;
		};
		85DBD3EC29787BE80044F3A7 /* PBXTargetDependency */ = {
			isa = PBXTargetDependency;
			target = 85DBD3CF29787BE70044F3A7 /* Domane */;
			targetProxy = 85DBD3EB29787BE80044F3A7 /* PBXContainerItemProxy */;
		};
/* End PBXTargetDependency section */

/* Begin XCBuildConfiguration section */
		85DBD3F229787BE80044F3A7 /* Debug */ = {
			isa = XCBuildConfiguration;
			buildSettings = {
				ALWAYS_SEARCH_USER_PATHS = NO;
				CLANG_ANALYZER_NONNULL = YES;
				CLANG_ANALYZER_NUMBER_OBJECT_CONVERSION = YES_AGGRESSIVE;
				CLANG_CXX_LANGUAGE_STANDARD = "gnu++20";
				CLANG_ENABLE_MODULES = YES;
				CLANG_ENABLE_OBJC_ARC = YES;
				CLANG_ENABLE_OBJC_WEAK = YES;
				CLANG_WARN_BLOCK_CAPTURE_AUTORELEASING = YES;
				CLANG_WARN_BOOL_CONVERSION = YES;
				CLANG_WARN_COMMA = YES;
				CLANG_WARN_CONSTANT_CONVERSION = YES;
				CLANG_WARN_DEPRECATED_OBJC_IMPLEMENTATIONS = YES;
				CLANG_WARN_DIRECT_OBJC_ISA_USAGE = YES_ERROR;
				CLANG_WARN_DOCUMENTATION_COMMENTS = YES;
				CLANG_WARN_EMPTY_BODY = YES;
				CLANG_WARN_ENUM_CONVERSION = YES;
				CLANG_WARN_INFINITE_RECURSION = YES;
				CLANG_WARN_INT_CONVERSION = YES;
				CLANG_WARN_NON_LITERAL_NULL_CONVERSION = YES;
				CLANG_WARN_OBJC_IMPLICIT_RETAIN_SELF = YES;
				CLANG_WARN_OBJC_LITERAL_CONVERSION = YES;
				CLANG_WARN_OBJC_ROOT_CLASS = YES_ERROR;
				CLANG_WARN_QUOTED_INCLUDE_IN_FRAMEWORK_HEADER = YES;
				CLANG_WARN_RANGE_LOOP_ANALYSIS = YES;
				CLANG_WARN_STRICT_PROTOTYPES = YES;
				CLANG_WARN_SUSPICIOUS_MOVE = YES;
				CLANG_WARN_UNGUARDED_AVAILABILITY = YES_AGGRESSIVE;
				CLANG_WARN_UNREACHABLE_CODE = YES;
				CLANG_WARN__DUPLICATE_METHOD_MATCH = YES;
				COPY_PHASE_STRIP = NO;
				DEBUG_INFORMATION_FORMAT = dwarf;
				ENABLE_STRICT_OBJC_MSGSEND = YES;
				ENABLE_TESTABILITY = YES;
				GCC_C_LANGUAGE_STANDARD = gnu11;
				GCC_DYNAMIC_NO_PIC = NO;
				GCC_NO_COMMON_BLOCKS = YES;
				GCC_OPTIMIZATION_LEVEL = 0;
				GCC_PREPROCESSOR_DEFINITIONS = (
					"DEBUG=1",
					"$(inherited)",
				);
				GCC_WARN_64_TO_32_BIT_CONVERSION = YES;
				GCC_WARN_ABOUT_RETURN_TYPE = YES_ERROR;
				GCC_WARN_UNDECLARED_SELECTOR = YES;
				GCC_WARN_UNINITIALIZED_AUTOS = YES_AGGRESSIVE;
				GCC_WARN_UNUSED_FUNCTION = YES;
				GCC_WARN_UNUSED_VARIABLE = YES;
				IPHONEOS_DEPLOYMENT_TARGET = 16.2;
				MTL_ENABLE_DEBUG_INFO = INCLUDE_SOURCE;
				MTL_FAST_MATH = YES;
				ONLY_ACTIVE_ARCH = YES;
				SDKROOT = iphoneos;
				SWIFT_ACTIVE_COMPILATION_CONDITIONS = DEBUG;
				SWIFT_OPTIMIZATION_LEVEL = "-Onone";
			};
			name = Debug;
		};
		85DBD3F329787BE80044F3A7 /* Release */ = {
			isa = XCBuildConfiguration;
			buildSettings = {
				ALWAYS_SEARCH_USER_PATHS = NO;
				CLANG_ANALYZER_NONNULL = YES;
				CLANG_ANALYZER_NUMBER_OBJECT_CONVERSION = YES_AGGRESSIVE;
				CLANG_CXX_LANGUAGE_STANDARD = "gnu++20";
				CLANG_ENABLE_MODULES = YES;
				CLANG_ENABLE_OBJC_ARC = YES;
				CLANG_ENABLE_OBJC_WEAK = YES;
				CLANG_WARN_BLOCK_CAPTURE_AUTORELEASING = YES;
				CLANG_WARN_BOOL_CONVERSION = YES;
				CLANG_WARN_COMMA = YES;
				CLANG_WARN_CONSTANT_CONVERSION = YES;
				CLANG_WARN_DEPRECATED_OBJC_IMPLEMENTATIONS = YES;
				CLANG_WARN_DIRECT_OBJC_ISA_USAGE = YES_ERROR;
				CLANG_WARN_DOCUMENTATION_COMMENTS = YES;
				CLANG_WARN_EMPTY_BODY = YES;
				CLANG_WARN_ENUM_CONVERSION = YES;
				CLANG_WARN_INFINITE_RECURSION = YES;
				CLANG_WARN_INT_CONVERSION = YES;
				CLANG_WARN_NON_LITERAL_NULL_CONVERSION = YES;
				CLANG_WARN_OBJC_IMPLICIT_RETAIN_SELF = YES;
				CLANG_WARN_OBJC_LITERAL_CONVERSION = YES;
				CLANG_WARN_OBJC_ROOT_CLASS = YES_ERROR;
				CLANG_WARN_QUOTED_INCLUDE_IN_FRAMEWORK_HEADER = YES;
				CLANG_WARN_RANGE_LOOP_ANALYSIS = YES;
				CLANG_WARN_STRICT_PROTOTYPES = YES;
				CLANG_WARN_SUSPICIOUS_MOVE = YES;
				CLANG_WARN_UNGUARDED_AVAILABILITY = YES_AGGRESSIVE;
				CLANG_WARN_UNREACHABLE_CODE = YES;
				CLANG_WARN__DUPLICATE_METHOD_MATCH = YES;
				COPY_PHASE_STRIP = NO;
				DEBUG_INFORMATION_FORMAT = "dwarf-with-dsym";
				ENABLE_NS_ASSERTIONS = NO;
				ENABLE_STRICT_OBJC_MSGSEND = YES;
				GCC_C_LANGUAGE_STANDARD = gnu11;
				GCC_NO_COMMON_BLOCKS = YES;
				GCC_WARN_64_TO_32_BIT_CONVERSION = YES;
				GCC_WARN_ABOUT_RETURN_TYPE = YES_ERROR;
				GCC_WARN_UNDECLARED_SELECTOR = YES;
				GCC_WARN_UNINITIALIZED_AUTOS = YES_AGGRESSIVE;
				GCC_WARN_UNUSED_FUNCTION = YES;
				GCC_WARN_UNUSED_VARIABLE = YES;
				IPHONEOS_DEPLOYMENT_TARGET = 16.2;
				MTL_ENABLE_DEBUG_INFO = NO;
				MTL_FAST_MATH = YES;
				SDKROOT = iphoneos;
				SWIFT_COMPILATION_MODE = wholemodule;
				SWIFT_OPTIMIZATION_LEVEL = "-O";
				VALIDATE_PRODUCT = YES;
			};
			name = Release;
		};
		85DBD3F529787BE80044F3A7 /* Debug */ = {
			isa = XCBuildConfiguration;
			buildSettings = {
				ASSETCATALOG_COMPILER_APPICON_NAME = AppIcon;
				ASSETCATALOG_COMPILER_GLOBAL_ACCENT_COLOR_NAME = AccentColor;
				CODE_SIGN_STYLE = Automatic;
				CURRENT_PROJECT_VERSION = 1;
				DEVELOPMENT_ASSET_PATHS = "\"Domane/Preview Content\"";
				ENABLE_PREVIEWS = YES;
				GENERATE_INFOPLIST_FILE = YES;
				INFOPLIST_KEY_UIApplicationSceneManifest_Generation = YES;
				INFOPLIST_KEY_UIApplicationSupportsIndirectInputEvents = YES;
				INFOPLIST_KEY_UILaunchScreen_Generation = YES;
				INFOPLIST_KEY_UISupportedInterfaceOrientations_iPad = "UIInterfaceOrientationPortrait UIInterfaceOrientationPortraitUpsideDown UIInterfaceOrientationLandscapeLeft UIInterfaceOrientationLandscapeRight";
				INFOPLIST_KEY_UISupportedInterfaceOrientations_iPhone = "UIInterfaceOrientationPortrait UIInterfaceOrientationLandscapeLeft UIInterfaceOrientationLandscapeRight";
				LD_RUNPATH_SEARCH_PATHS = (
					"$(inherited)",
					"@executable_path/Frameworks",
				);
				MARKETING_VERSION = 1.0;
				PRODUCT_BUNDLE_IDENTIFIER = xrds.Domane;
				PRODUCT_NAME = "$(TARGET_NAME)";
				SWIFT_EMIT_LOC_STRINGS = YES;
				SWIFT_VERSION = 5.0;
				TARGETED_DEVICE_FAMILY = "1,2";
			};
			name = Debug;
		};
		85DBD3F629787BE80044F3A7 /* Release */ = {
			isa = XCBuildConfiguration;
			buildSettings = {
				ASSETCATALOG_COMPILER_APPICON_NAME = AppIcon;
				ASSETCATALOG_COMPILER_GLOBAL_ACCENT_COLOR_NAME = AccentColor;
				CODE_SIGN_STYLE = Automatic;
				CURRENT_PROJECT_VERSION = 1;
				DEVELOPMENT_ASSET_PATHS = "\"Domane/Preview Content\"";
				ENABLE_PREVIEWS = YES;
				GENERATE_INFOPLIST_FILE = YES;
				INFOPLIST_KEY_UIApplicationSceneManifest_Generation = YES;
				INFOPLIST_KEY_UIApplicationSupportsIndirectInputEvents = YES;
				INFOPLIST_KEY_UILaunchScreen_Generation = YES;
				INFOPLIST_KEY_UISupportedInterfaceOrientations_iPad = "UIInterfaceOrientationPortrait UIInterfaceOrientationPortraitUpsideDown UIInterfaceOrientationLandscapeLeft UIInterfaceOrientationLandscapeRight";
				INFOPLIST_KEY_UISupportedInterfaceOrientations_iPhone = "UIInterfaceOrientationPortrait UIInterfaceOrientationLandscapeLeft UIInterfaceOrientationLandscapeRight";
				LD_RUNPATH_SEARCH_PATHS = (
					"$(inherited)",
					"@executable_path/Frameworks",
				);
				MARKETING_VERSION = 1.0;
				PRODUCT_BUNDLE_IDENTIFIER = xrds.Domane;
				PRODUCT_NAME = "$(TARGET_NAME)";
				SWIFT_EMIT_LOC_STRINGS = YES;
				SWIFT_VERSION = 5.0;
				TARGETED_DEVICE_FAMILY = "1,2";
			};
			name = Release;
		};
		85DBD3F829787BE80044F3A7 /* Debug */ = {
			isa = XCBuildConfiguration;
			buildSettings = {
				ALWAYS_EMBED_SWIFT_STANDARD_LIBRARIES = YES;
				BUNDLE_LOADER = "$(TEST_HOST)";
				CODE_SIGN_STYLE = Automatic;
				CURRENT_PROJECT_VERSION = 1;
				GENERATE_INFOPLIST_FILE = YES;
				IPHONEOS_DEPLOYMENT_TARGET = 16.2;
				MARKETING_VERSION = 1.0;
				PRODUCT_BUNDLE_IDENTIFIER = xrds.DomaneTests;
				PRODUCT_NAME = "$(TARGET_NAME)";
				SWIFT_EMIT_LOC_STRINGS = NO;
				SWIFT_VERSION = 5.0;
				TARGETED_DEVICE_FAMILY = "1,2";
				TEST_HOST = "$(BUILT_PRODUCTS_DIR)/Domane.app/$(BUNDLE_EXECUTABLE_FOLDER_PATH)/Domane";
			};
			name = Debug;
		};
		85DBD3F929787BE80044F3A7 /* Release */ = {
			isa = XCBuildConfiguration;
			buildSettings = {
				ALWAYS_EMBED_SWIFT_STANDARD_LIBRARIES = YES;
				BUNDLE_LOADER = "$(TEST_HOST)";
				CODE_SIGN_STYLE = Automatic;
				CURRENT_PROJECT_VERSION = 1;
				GENERATE_INFOPLIST_FILE = YES;
				IPHONEOS_DEPLOYMENT_TARGET = 16.2;
				MARKETING_VERSION = 1.0;
				PRODUCT_BUNDLE_IDENTIFIER = xrds.DomaneTests;
				PRODUCT_NAME = "$(TARGET_NAME)";
				SWIFT_EMIT_LOC_STRINGS = NO;
				SWIFT_VERSION = 5.0;
				TARGETED_DEVICE_FAMILY = "1,2";
				TEST_HOST = "$(BUILT_PRODUCTS_DIR)/Domane.app/$(BUNDLE_EXECUTABLE_FOLDER_PATH)/Domane";
			};
			name = Release;
		};
		85DBD3FB29787BE80044F3A7 /* Debug */ = {
			isa = XCBuildConfiguration;
			buildSettings = {
				ALWAYS_EMBED_SWIFT_STANDARD_LIBRARIES = YES;
				CODE_SIGN_STYLE = Automatic;
				CURRENT_PROJECT_VERSION = 1;
				GENERATE_INFOPLIST_FILE = YES;
				MARKETING_VERSION = 1.0;
				PRODUCT_BUNDLE_IDENTIFIER = xrds.DomaneUITests;
				PRODUCT_NAME = "$(TARGET_NAME)";
				SWIFT_EMIT_LOC_STRINGS = NO;
				SWIFT_VERSION = 5.0;
				TARGETED_DEVICE_FAMILY = "1,2";
				TEST_TARGET_NAME = Domane;
			};
			name = Debug;
		};
		85DBD3FC29787BE80044F3A7 /* Release */ = {
			isa = XCBuildConfiguration;
			buildSettings = {
				ALWAYS_EMBED_SWIFT_STANDARD_LIBRARIES = YES;
				CODE_SIGN_STYLE = Automatic;
				CURRENT_PROJECT_VERSION = 1;
				GENERATE_INFOPLIST_FILE = YES;
				MARKETING_VERSION = 1.0;
				PRODUCT_BUNDLE_IDENTIFIER = xrds.DomaneUITests;
				PRODUCT_NAME = "$(TARGET_NAME)";
				SWIFT_EMIT_LOC_STRINGS = NO;
				SWIFT_VERSION = 5.0;
				TARGETED_DEVICE_FAMILY = "1,2";
				TEST_TARGET_NAME = Domane;
			};
			name = Release;
		};
/* End XCBuildConfiguration section */

/* Begin XCConfigurationList section */
		85DBD3CB29787BE70044F3A7 /* Build configuration list for PBXProject "Domane" */ = {
			isa = XCConfigurationList;
			buildConfigurations = (
				85DBD3F229787BE80044F3A7 /* Debug */,
				85DBD3F329787BE80044F3A7 /* Release */,
			);
			defaultConfigurationIsVisible = 0;
			defaultConfigurationName = Release;
		};
		85DBD3F429787BE80044F3A7 /* Build configuration list for PBXNativeTarget "Domane" */ = {
			isa = XCConfigurationList;
			buildConfigurations = (
				85DBD3F529787BE80044F3A7 /* Debug */,
				85DBD3F629787BE80044F3A7 /* Release */,
			);
			defaultConfigurationIsVisible = 0;
			defaultConfigurationName = Release;
		};
		85DBD3F729787BE80044F3A7 /* Build configuration list for PBXNativeTarget "DomaneTests" */ = {
			isa = XCConfigurationList;
			buildConfigurations = (
				85DBD3F829787BE80044F3A7 /* Debug */,
				85DBD3F929787BE80044F3A7 /* Release */,
			);
			defaultConfigurationIsVisible = 0;
			defaultConfigurationName = Release;
		};
		85DBD3FA29787BE80044F3A7 /* Build configuration list for PBXNativeTarget "DomaneUITests" */ = {
			isa = XCConfigurationList;
			buildConfigurations = (
				85DBD3FB29787BE80044F3A7 /* Debug */,
				85DBD3FC29787BE80044F3A7 /* Release */,
			);
			defaultConfigurationIsVisible = 0;
			defaultConfigurationName = Release;
		};
/* End XCConfigurationList section */
	};
	rootObject = 85DBD3C829787BE70044F3A7 /* Project object */;
}
